
Microsoft Visual Studio Solution File, Format Version 12.00
# Visual Studio Version 16
VisualStudioVersion = 16.0.31112.23
MinimumVisualStudioVersion = 10.0.40219.1
Project("{FAE04EC0-301F-11D3-BF4B-00C04F79EFBC}") = "Whiteboard", "Whiteboard.csproj", "{F2A1C283-9435-43CF-9F09-DC4EA8ADB10F}"
EndProject
Global
	GlobalSection(SolutionConfigurationPlatforms) = preSolution
		Debug|Any CPU = Debug|Any CPU
		Release|Any CPU = Release|Any CPU
	EndGlobalSection
	GlobalSection(ProjectConfigurationPlatforms) = postSolution
		{F2A1C283-9435-43CF-9F09-DC4EA8ADB10F}.Debug|Any CPU.ActiveCfg = Debug|Any CPU
		{F2A1C283-9435-43CF-9F09-DC4EA8ADB10F}.Debug|Any CPU.Build.0 = Debug|Any CPU
		{F2A1C283-9435-43CF-9F09-DC4EA8ADB10F}.Release|Any CPU.ActiveCfg = Release|Any CPU
		{F2A1C283-9435-43CF-9F09-DC4EA8ADB10F}.Release|Any CPU.Build.0 = Release|Any CPU
	EndGlobalSection
	GlobalSection(SolutionProperties) = preSolution
		HideSolutionNode = FALSE
	EndGlobalSection
	GlobalSection(ExtensibilityGlobals) = postSolution
		SolutionGuid = {73DED1DA-09C3-4224-B75E-9955B2C003C6}
	EndGlobalSection
EndGlobal
